# @generated by Move, please check-in and do not edit manually.

[move]
version = 3
manifest_digest = "CE2076AB57843CC579508F83C63F67197EFD9C4327C5433A0EBA31BD2C03E9AE"
deps_digest = "F8BBB0CCB2491CA29A3DF03D6F92277A4F3574266507ACD77214D37ECA3F3082"
dependencies = [
  { id = "Sui", name = "Sui" },
]

[[move.package]]
id = "MoveStdlib"
source = { git = "https://github.com/MystenLabs/sui.git", rev = "framework/testnet", subdir = "crates/sui-framework/packages/move-stdlib" }

[[move.package]]
id = "Sui"
source = { git = "https://github.com/MystenLabs/sui.git", rev = "framework/testnet", subdir = "crates/sui-framework/packages/sui-framework" }

dependencies = [
  { id = "MoveStdlib", name = "MoveStdlib" },
]

[move.toolchain-version]
compiler-version = "1.49.1"
edition = "2024.beta"
flavor = "sui"

[env]

[env.testnet]
chain-id = "4c78adac"
original-published-id = "0x545463a31976a92634c410616d43004899538a443f25c6a3048868008961679a"
latest-published-id = "0x545463a31976a92634c410616d43004899538a443f25c6a3048868008961679a"
published-version = "1"
